
Microsoft Visual Studio Solution File, Format Version 12.00
# Visual Studio 15
VisualStudioVersion = 15.0.26124.0
MinimumVisualStudioVersion = 15.0.26124.0
Project("{FAE04EC0-301F-11D3-BF4B-00C04F79EFBC}") = "FirewallAnalysis", "FirewallAnalysis\FirewallAnalysis.csproj", "{ECF77030-3879-4B5D-8443-BAB92E66B22F}"
EndProject
Project("{FAE04EC0-301F-11D3-BF4B-00C04F79EFBC}") = "FirewallAnalysis.Tests", "FirewallAnalysis.Tests\FirewallAnalysis.Tests.csproj", "{504CB30A-8536-45FA-B535-25EFC7EF397D}"
EndProject
Project("{FAE04EC0-301F-11D3-BF4B-00C04F79EFBC}") = "FirewallEquivalenceCheckerCmd", "FirewallEquivalenceCheckerCmd\FirewallEquivalenceCheckerCmd.csproj", "{D3E4EFF3-6B27-4126-BA98-5043152046C9}"
EndProject
Project("{FAE04EC0-301F-11D3-BF4B-00C04F79EFBC}") = "FirewallQueryCmd", "FirewallQueryCmd\FirewallQueryCmd.csproj", "{E1512823-EE90-4F17-9C67-43CA45F6B790}"
EndProject
Global
	GlobalSection(SolutionConfigurationPlatforms) = preSolution
		Debug|Any CPU = Debug|Any CPU
		Debug|x64 = Debug|x64
		Debug|x86 = Debug|x86
		Release|Any CPU = Release|Any CPU
		Release|x64 = Release|x64
		Release|x86 = Release|x86
	EndGlobalSection
	GlobalSection(SolutionProperties) = preSolution
		HideSolutionNode = FALSE
	EndGlobalSection
	GlobalSection(ProjectConfigurationPlatforms) = postSolution
		{ECF77030-3879-4B5D-8443-BAB92E66B22F}.Debug|Any CPU.ActiveCfg = Debug|Any CPU
		{ECF77030-3879-4B5D-8443-BAB92E66B22F}.Debug|Any CPU.Build.0 = Debug|Any CPU
		{ECF77030-3879-4B5D-8443-BAB92E66B22F}.Debug|x64.ActiveCfg = Debug|Any CPU
		{ECF77030-3879-4B5D-8443-BAB92E66B22F}.Debug|x64.Build.0 = Debug|Any CPU
		{ECF77030-3879-4B5D-8443-BAB92E66B22F}.Debug|x86.ActiveCfg = Debug|Any CPU
		{ECF77030-3879-4B5D-8443-BAB92E66B22F}.Debug|x86.Build.0 = Debug|Any CPU
		{ECF77030-3879-4B5D-8443-BAB92E66B22F}.Release|Any CPU.ActiveCfg = Release|Any CPU
		{ECF77030-3879-4B5D-8443-BAB92E66B22F}.Release|Any CPU.Build.0 = Release|Any CPU
		{ECF77030-3879-4B5D-8443-BAB92E66B22F}.Release|x64.ActiveCfg = Release|Any CPU
		{ECF77030-3879-4B5D-8443-BAB92E66B22F}.Release|x64.Build.0 = Release|Any CPU
		{ECF77030-3879-4B5D-8443-BAB92E66B22F}.Release|x86.ActiveCfg = Release|Any CPU
		{ECF77030-3879-4B5D-8443-BAB92E66B22F}.Release|x86.Build.0 = Release|Any CPU
		{504CB30A-8536-45FA-B535-25EFC7EF397D}.Debug|Any CPU.ActiveCfg = Debug|Any CPU
		{504CB30A-8536-45FA-B535-25EFC7EF397D}.Debug|Any CPU.Build.0 = Debug|Any CPU
		{504CB30A-8536-45FA-B535-25EFC7EF397D}.Debug|x64.ActiveCfg = Debug|Any CPU
		{504CB30A-8536-45FA-B535-25EFC7EF397D}.Debug|x64.Build.0 = Debug|Any CPU
		{504CB30A-8536-45FA-B535-25EFC7EF397D}.Debug|x86.ActiveCfg = Debug|Any CPU
		{504CB30A-8536-45FA-B535-25EFC7EF397D}.Debug|x86.Build.0 = Debug|Any CPU
		{504CB30A-8536-45FA-B535-25EFC7EF397D}.Release|Any CPU.ActiveCfg = Release|Any CPU
		{504CB30A-8536-45FA-B535-25EFC7EF397D}.Release|Any CPU.Build.0 = Release|Any CPU
		{504CB30A-8536-45FA-B535-25EFC7EF397D}.Release|x64.ActiveCfg = Release|Any CPU
		{504CB30A-8536-45FA-B535-25EFC7EF397D}.Release|x64.Build.0 = Release|Any CPU
		{504CB30A-8536-45FA-B535-25EFC7EF397D}.Release|x86.ActiveCfg = Release|Any CPU
		{504CB30A-8536-45FA-B535-25EFC7EF397D}.Release|x86.Build.0 = Release|Any CPU
		{D3E4EFF3-6B27-4126-BA98-5043152046C9}.Debug|Any CPU.ActiveCfg = Debug|Any CPU
		{D3E4EFF3-6B27-4126-BA98-5043152046C9}.Debug|Any CPU.Build.0 = Debug|Any CPU
		{D3E4EFF3-6B27-4126-BA98-5043152046C9}.Debug|x64.ActiveCfg = Debug|Any CPU
		{D3E4EFF3-6B27-4126-BA98-5043152046C9}.Debug|x64.Build.0 = Debug|Any CPU
		{D3E4EFF3-6B27-4126-BA98-5043152046C9}.Debug|x86.ActiveCfg = Debug|Any CPU
		{D3E4EFF3-6B27-4126-BA98-5043152046C9}.Debug|x86.Build.0 = Debug|Any CPU
		{D3E4EFF3-6B27-4126-BA98-5043152046C9}.Release|Any CPU.ActiveCfg = Release|Any CPU
		{D3E4EFF3-6B27-4126-BA98-5043152046C9}.Release|Any CPU.Build.0 = Release|Any CPU
		{D3E4EFF3-6B27-4126-BA98-5043152046C9}.Release|x64.ActiveCfg = Release|Any CPU
		{D3E4EFF3-6B27-4126-BA98-5043152046C9}.Release|x64.Build.0 = Release|Any CPU
		{D3E4EFF3-6B27-4126-BA98-5043152046C9}.Release|x86.ActiveCfg = Release|Any CPU
		{D3E4EFF3-6B27-4126-BA98-5043152046C9}.Release|x86.Build.0 = Release|Any CPU
		{E1512823-EE90-4F17-9C67-43CA45F6B790}.Debug|Any CPU.ActiveCfg = Debug|Any CPU
		{E1512823-EE90-4F17-9C67-43CA45F6B790}.Debug|Any CPU.Build.0 = Debug|Any CPU
		{E1512823-EE90-4F17-9C67-43CA45F6B790}.Debug|x64.ActiveCfg = Debug|Any CPU
		{E1512823-EE90-4F17-9C67-43CA45F6B790}.Debug|x64.Build.0 = Debug|Any CPU
		{E1512823-EE90-4F17-9C67-43CA45F6B790}.Debug|x86.ActiveCfg = Debug|Any CPU
		{E1512823-EE90-4F17-9C67-43CA45F6B790}.Debug|x86.Build.0 = Debug|Any CPU
		{E1512823-EE90-4F17-9C67-43CA45F6B790}.Release|Any CPU.ActiveCfg = Release|Any CPU
		{E1512823-EE90-4F17-9C67-43CA45F6B790}.Release|Any CPU.Build.0 = Release|Any CPU
		{E1512823-EE90-4F17-9C67-43CA45F6B790}.Release|x64.ActiveCfg = Release|Any CPU
		{E1512823-EE90-4F17-9C67-43CA45F6B790}.Release|x64.Build.0 = Release|Any CPU
		{E1512823-EE90-4F17-9C67-43CA45F6B790}.Release|x86.ActiveCfg = Release|Any CPU
		{E1512823-EE90-4F17-9C67-43CA45F6B790}.Release|x86.Build.0 = Release|Any CPU
	EndGlobalSection
EndGlobal
